
Microsoft Visual Studio Solution File, Format Version 12.00
# Visual Studio 2013
VisualStudioVersion = 12.0.21005.1
MinimumVisualStudioVersion = 10.0.40219.1
Project("{2150E333-8FDC-42A3-9474-1A3956D46DE8}") = "WPF的UI基础库", "WPF的UI基础库", "{693C4587-7821-4644-9FA5-B66DE7C7F1E7}"
EndProject
Project("{2150E333-8FDC-42A3-9474-1A3956D46DE8}") = "DB", "DB", "{DDE9F5EB-9842-4CB0-92D5-1DADF5A0A0BF}"
	ProjectSection(SolutionItems) = preProject
		course.xml = course.xml
		student.xml = student.xml
		teacher.xml = teacher.xml
	EndProjectSection
EndProject
Project("{FAE04EC0-301F-11D3-BF4B-00C04F79EFBC}") = "TGP.UI.Core", "WPF基础资源库\TGP.Client.Controls\TGP.UI.Core.csproj", "{D7E5B625-DEFB-4BDA-8A19-DBDD33B5A5EE}"
EndProject
Project("{2150E333-8FDC-42A3-9474-1A3956D46DE8}") = "File", "File", "{0FEDD8FA-5EB4-4FC5-91E9-00B7F01C1D1E}"
	ProjectSection(SolutionItems) = preProject
		网络通信.txt = 网络通信.txt
	EndProjectSection
EndProject
Project("{2150E333-8FDC-42A3-9474-1A3956D46DE8}") = "Foundation", "Foundation", "{B1B905A7-DF34-40DB-9080-6283A03CC3F8}"
EndProject
Project("{FAE04EC0-301F-11D3-BF4B-00C04F79EFBC}") = "CreateMySqlTimer", "Foundation\CreateMySqlTimer\CreateMySqlTimer.csproj", "{E82EE555-3A0B-4790-89C0-00DBBC6BA394}"
EndProject
Project("{FAE04EC0-301F-11D3-BF4B-00C04F79EFBC}") = "TGP.Stack", "Foundation\TGP.Stack\TGP.Stack.csproj", "{8BDC8F54-C531-4879-9981-DCC949F21219}"
EndProject
Project("{FAE04EC0-301F-11D3-BF4B-00C04F79EFBC}") = "TGP.UI", "TGP.UI\TGP.UI.csproj", "{FB34F3BD-25B9-424D-BF04-D52FC02F3679}"
EndProject
Project("{FAE04EC0-301F-11D3-BF4B-00C04F79EFBC}") = "TGP.WindowDemo", "WPF基础资源库\TGP.WindowDemo\TGP.WindowDemo.csproj", "{7471FD22-50BE-4352-922A-4B603C8FFB14}"
EndProject
Project("{FAE04EC0-301F-11D3-BF4B-00C04F79EFBC}") = "TGP.SlidesDemo", "TGP.SlidesDemo\TGP.SlidesDemo.csproj", "{0D08DE0D-B92A-4C5C-BA20-AC2D31C5ACA2}"
EndProject
Project("{FAE04EC0-301F-11D3-BF4B-00C04F79EFBC}") = "TGP.InstrumentationDemo", "TGP.InstrumentationDemo\TGP.InstrumentationDemo.csproj", "{AAA8E078-85D1-4A98-B2F1-160E420B1E39}"
EndProject
Project("{FAE04EC0-301F-11D3-BF4B-00C04F79EFBC}") = "TGP.CarouselDemo", "TGP.CarouselDemo\TGP.CarouselDemo.csproj", "{51DFF253-D6EA-461A-9945-729FD17EADFE}"
EndProject
Project("{2150E333-8FDC-42A3-9474-1A3956D46DE8}") = "WinForm的UI基础库", "WinForm的UI基础库", "{7253E36E-01CC-4553-B62F-63285411DF17}"
EndProject
Project("{FAE04EC0-301F-11D3-BF4B-00C04F79EFBC}") = "TGP.WinUI", "TGP.WinUI\TGP.WinUI.csproj", "{B4FFB14F-71C1-4595-9F49-830D7B3C3290}"
EndProject
Project("{FAE04EC0-301F-11D3-BF4B-00C04F79EFBC}") = "TGP.Win3DDemo", "TGP.Win3DDemo\TGP.Win3DDemo.csproj", "{70C967C2-C4AE-4ED9-B716-853035865514}"
EndProject
Project("{2150E333-8FDC-42A3-9474-1A3956D46DE8}") = "3D", "3D", "{2669E6A4-4350-4630-8EAF-33E6C9C5E912}"
	ProjectSection(SolutionItems) = preProject
		3d.md = 3d.md
	EndProjectSection
EndProject
Project("{FAE04EC0-301F-11D3-BF4B-00C04F79EFBC}") = "MIS.ClientUI", "信息管理系统界面\MIS.ClientUI\MIS.ClientUI.csproj", "{DF7D43C5-52D8-4779-9668-83E8E5B89817}"
EndProject
Project("{2150E333-8FDC-42A3-9474-1A3956D46DE8}") = "信息管理系统界面", "信息管理系统界面", "{8F85EAFB-DD74-4851-9455-879CBB3F9351}"
	ProjectSection(SolutionItems) = preProject
		mis.md = mis.md
	EndProjectSection
EndProject
Project("{FAE04EC0-301F-11D3-BF4B-00C04F79EFBC}") = "MIS.Foundation.Framework", "信息管理系统界面\MIS.Foundation.Framework\MIS.Foundation.Framework.csproj", "{3C1813C4-6CDC-4C62-B12B-473C333A961A}"
EndProject
Project("{FAE04EC0-301F-11D3-BF4B-00C04F79EFBC}") = "MIS.DB", "信息管理系统界面\MIS.DB\MIS.DB.csproj", "{66FF11F3-FE94-48C9-A103-6D45D134EE31}"
EndProject
Project("{FAE04EC0-301F-11D3-BF4B-00C04F79EFBC}") = "MIS.YTIM", "信息管理系统界面\MIS.YTIM\MIS.YTIM.csproj", "{3497A390-9825-48A8-80F1-0112F2487319}"
EndProject
Global
	GlobalSection(SolutionConfigurationPlatforms) = preSolution
		Debug|Any CPU = Debug|Any CPU
		Debug|Mixed Platforms = Debug|Mixed Platforms
		Debug|Win32 = Debug|Win32
		Debug|x86 = Debug|x86
		Release|Any CPU = Release|Any CPU
		Release|Mixed Platforms = Release|Mixed Platforms
		Release|Win32 = Release|Win32
		Release|x86 = Release|x86
	EndGlobalSection
	GlobalSection(ProjectConfigurationPlatforms) = postSolution
		{D7E5B625-DEFB-4BDA-8A19-DBDD33B5A5EE}.Debug|Any CPU.ActiveCfg = Debug|Any CPU
		{D7E5B625-DEFB-4BDA-8A19-DBDD33B5A5EE}.Debug|Any CPU.Build.0 = Debug|Any CPU
		{D7E5B625-DEFB-4BDA-8A19-DBDD33B5A5EE}.Debug|Mixed Platforms.ActiveCfg = Debug|Any CPU
		{D7E5B625-DEFB-4BDA-8A19-DBDD33B5A5EE}.Debug|Mixed Platforms.Build.0 = Debug|Any CPU
		{D7E5B625-DEFB-4BDA-8A19-DBDD33B5A5EE}.Debug|Win32.ActiveCfg = Debug|Any CPU
		{D7E5B625-DEFB-4BDA-8A19-DBDD33B5A5EE}.Debug|x86.ActiveCfg = Debug|Any CPU
		{D7E5B625-DEFB-4BDA-8A19-DBDD33B5A5EE}.Release|Any CPU.ActiveCfg = Release|Any CPU
		{D7E5B625-DEFB-4BDA-8A19-DBDD33B5A5EE}.Release|Any CPU.Build.0 = Release|Any CPU
		{D7E5B625-DEFB-4BDA-8A19-DBDD33B5A5EE}.Release|Mixed Platforms.ActiveCfg = Release|Any CPU
		{D7E5B625-DEFB-4BDA-8A19-DBDD33B5A5EE}.Release|Mixed Platforms.Build.0 = Release|Any CPU
		{D7E5B625-DEFB-4BDA-8A19-DBDD33B5A5EE}.Release|Win32.ActiveCfg = Release|Any CPU
		{D7E5B625-DEFB-4BDA-8A19-DBDD33B5A5EE}.Release|x86.ActiveCfg = Release|Any CPU
		{E82EE555-3A0B-4790-89C0-00DBBC6BA394}.Debug|Any CPU.ActiveCfg = Debug|Any CPU
		{E82EE555-3A0B-4790-89C0-00DBBC6BA394}.Debug|Any CPU.Build.0 = Debug|Any CPU
		{E82EE555-3A0B-4790-89C0-00DBBC6BA394}.Debug|Mixed Platforms.ActiveCfg = Debug|Any CPU
		{E82EE555-3A0B-4790-89C0-00DBBC6BA394}.Debug|Mixed Platforms.Build.0 = Debug|Any CPU
		{E82EE555-3A0B-4790-89C0-00DBBC6BA394}.Debug|Win32.ActiveCfg = Debug|Any CPU
		{E82EE555-3A0B-4790-89C0-00DBBC6BA394}.Debug|x86.ActiveCfg = Debug|Any CPU
		{E82EE555-3A0B-4790-89C0-00DBBC6BA394}.Release|Any CPU.ActiveCfg = Release|Any CPU
		{E82EE555-3A0B-4790-89C0-00DBBC6BA394}.Release|Any CPU.Build.0 = Release|Any CPU
		{E82EE555-3A0B-4790-89C0-00DBBC6BA394}.Release|Mixed Platforms.ActiveCfg = Release|Any CPU
		{E82EE555-3A0B-4790-89C0-00DBBC6BA394}.Release|Mixed Platforms.Build.0 = Release|Any CPU
		{E82EE555-3A0B-4790-89C0-00DBBC6BA394}.Release|Win32.ActiveCfg = Release|Any CPU
		{E82EE555-3A0B-4790-89C0-00DBBC6BA394}.Release|x86.ActiveCfg = Release|Any CPU
		{8BDC8F54-C531-4879-9981-DCC949F21219}.Debug|Any CPU.ActiveCfg = Debug|Any CPU
		{8BDC8F54-C531-4879-9981-DCC949F21219}.Debug|Any CPU.Build.0 = Debug|Any CPU
		{8BDC8F54-C531-4879-9981-DCC949F21219}.Debug|Mixed Platforms.ActiveCfg = Debug|Any CPU
		{8BDC8F54-C531-4879-9981-DCC949F21219}.Debug|Mixed Platforms.Build.0 = Debug|Any CPU
		{8BDC8F54-C531-4879-9981-DCC949F21219}.Debug|Win32.ActiveCfg = Debug|Any CPU
		{8BDC8F54-C531-4879-9981-DCC949F21219}.Debug|x86.ActiveCfg = Debug|Any CPU
		{8BDC8F54-C531-4879-9981-DCC949F21219}.Release|Any CPU.ActiveCfg = Release|Any CPU
		{8BDC8F54-C531-4879-9981-DCC949F21219}.Release|Any CPU.Build.0 = Release|Any CPU
		{8BDC8F54-C531-4879-9981-DCC949F21219}.Release|Mixed Platforms.ActiveCfg = Release|Any CPU
		{8BDC8F54-C531-4879-9981-DCC949F21219}.Release|Mixed Platforms.Build.0 = Release|Any CPU
		{8BDC8F54-C531-4879-9981-DCC949F21219}.Release|Win32.ActiveCfg = Release|Any CPU
		{8BDC8F54-C531-4879-9981-DCC949F21219}.Release|x86.ActiveCfg = Release|Any CPU
		{FB34F3BD-25B9-424D-BF04-D52FC02F3679}.Debug|Any CPU.ActiveCfg = Debug|Any CPU
		{FB34F3BD-25B9-424D-BF04-D52FC02F3679}.Debug|Any CPU.Build.0 = Debug|Any CPU
		{FB34F3BD-25B9-424D-BF04-D52FC02F3679}.Debug|Mixed Platforms.ActiveCfg = Debug|Any CPU
		{FB34F3BD-25B9-424D-BF04-D52FC02F3679}.Debug|Mixed Platforms.Build.0 = Debug|Any CPU
		{FB34F3BD-25B9-424D-BF04-D52FC02F3679}.Debug|Win32.ActiveCfg = Debug|Any CPU
		{FB34F3BD-25B9-424D-BF04-D52FC02F3679}.Debug|x86.ActiveCfg = Debug|Any CPU
		{FB34F3BD-25B9-424D-BF04-D52FC02F3679}.Release|Any CPU.ActiveCfg = Release|Any CPU
		{FB34F3BD-25B9-424D-BF04-D52FC02F3679}.Release|Any CPU.Build.0 = Release|Any CPU
		{FB34F3BD-25B9-424D-BF04-D52FC02F3679}.Release|Mixed Platforms.ActiveCfg = Release|Any CPU
		{FB34F3BD-25B9-424D-BF04-D52FC02F3679}.Release|Mixed Platforms.Build.0 = Release|Any CPU
		{FB34F3BD-25B9-424D-BF04-D52FC02F3679}.Release|Win32.ActiveCfg = Release|Any CPU
		{FB34F3BD-25B9-424D-BF04-D52FC02F3679}.Release|x86.ActiveCfg = Release|Any CPU
		{7471FD22-50BE-4352-922A-4B603C8FFB14}.Debug|Any CPU.ActiveCfg = Debug|Any CPU
		{7471FD22-50BE-4352-922A-4B603C8FFB14}.Debug|Any CPU.Build.0 = Debug|Any CPU
		{7471FD22-50BE-4352-922A-4B603C8FFB14}.Debug|Mixed Platforms.ActiveCfg = Debug|Any CPU
		{7471FD22-50BE-4352-922A-4B603C8FFB14}.Debug|Mixed Platforms.Build.0 = Debug|Any CPU
		{7471FD22-50BE-4352-922A-4B603C8FFB14}.Debug|Win32.ActiveCfg = Debug|Any CPU
		{7471FD22-50BE-4352-922A-4B603C8FFB14}.Debug|x86.ActiveCfg = Debug|Any CPU
		{7471FD22-50BE-4352-922A-4B603C8FFB14}.Release|Any CPU.ActiveCfg = Release|Any CPU
		{7471FD22-50BE-4352-922A-4B603C8FFB14}.Release|Any CPU.Build.0 = Release|Any CPU
		{7471FD22-50BE-4352-922A-4B603C8FFB14}.Release|Mixed Platforms.ActiveCfg = Release|Any CPU
		{7471FD22-50BE-4352-922A-4B603C8FFB14}.Release|Mixed Platforms.Build.0 = Release|Any CPU
		{7471FD22-50BE-4352-922A-4B603C8FFB14}.Release|Win32.ActiveCfg = Release|Any CPU
		{7471FD22-50BE-4352-922A-4B603C8FFB14}.Release|x86.ActiveCfg = Release|Any CPU
		{0D08DE0D-B92A-4C5C-BA20-AC2D31C5ACA2}.Debug|Any CPU.ActiveCfg = Debug|Any CPU
		{0D08DE0D-B92A-4C5C-BA20-AC2D31C5ACA2}.Debug|Any CPU.Build.0 = Debug|Any CPU
		{0D08DE0D-B92A-4C5C-BA20-AC2D31C5ACA2}.Debug|Mixed Platforms.ActiveCfg = Debug|Any CPU
		{0D08DE0D-B92A-4C5C-BA20-AC2D31C5ACA2}.Debug|Mixed Platforms.Build.0 = Debug|Any CPU
		{0D08DE0D-B92A-4C5C-BA20-AC2D31C5ACA2}.Debug|Win32.ActiveCfg = Debug|Any CPU
		{0D08DE0D-B92A-4C5C-BA20-AC2D31C5ACA2}.Debug|x86.ActiveCfg = Debug|Any CPU
		{0D08DE0D-B92A-4C5C-BA20-AC2D31C5ACA2}.Release|Any CPU.ActiveCfg = Release|Any CPU
		{0D08DE0D-B92A-4C5C-BA20-AC2D31C5ACA2}.Release|Any CPU.Build.0 = Release|Any CPU
		{0D08DE0D-B92A-4C5C-BA20-AC2D31C5ACA2}.Release|Mixed Platforms.ActiveCfg = Release|Any CPU
		{0D08DE0D-B92A-4C5C-BA20-AC2D31C5ACA2}.Release|Mixed Platforms.Build.0 = Release|Any CPU
		{0D08DE0D-B92A-4C5C-BA20-AC2D31C5ACA2}.Release|Win32.ActiveCfg = Release|Any CPU
		{0D08DE0D-B92A-4C5C-BA20-AC2D31C5ACA2}.Release|x86.ActiveCfg = Release|Any CPU
		{AAA8E078-85D1-4A98-B2F1-160E420B1E39}.Debug|Any CPU.ActiveCfg = Debug|Any CPU
		{AAA8E078-85D1-4A98-B2F1-160E420B1E39}.Debug|Any CPU.Build.0 = Debug|Any CPU
		{AAA8E078-85D1-4A98-B2F1-160E420B1E39}.Debug|Mixed Platforms.ActiveCfg = Debug|Any CPU
		{AAA8E078-85D1-4A98-B2F1-160E420B1E39}.Debug|Mixed Platforms.Build.0 = Debug|Any CPU
		{AAA8E078-85D1-4A98-B2F1-160E420B1E39}.Debug|Win32.ActiveCfg = Debug|Any CPU
		{AAA8E078-85D1-4A98-B2F1-160E420B1E39}.Debug|x86.ActiveCfg = Debug|Any CPU
		{AAA8E078-85D1-4A98-B2F1-160E420B1E39}.Release|Any CPU.ActiveCfg = Release|Any CPU
		{AAA8E078-85D1-4A98-B2F1-160E420B1E39}.Release|Any CPU.Build.0 = Release|Any CPU
		{AAA8E078-85D1-4A98-B2F1-160E420B1E39}.Release|Mixed Platforms.ActiveCfg = Release|Any CPU
		{AAA8E078-85D1-4A98-B2F1-160E420B1E39}.Release|Mixed Platforms.Build.0 = Release|Any CPU
		{AAA8E078-85D1-4A98-B2F1-160E420B1E39}.Release|Win32.ActiveCfg = Release|Any CPU
		{AAA8E078-85D1-4A98-B2F1-160E420B1E39}.Release|x86.ActiveCfg = Release|Any CPU
		{51DFF253-D6EA-461A-9945-729FD17EADFE}.Debug|Any CPU.ActiveCfg = Debug|Any CPU
		{51DFF253-D6EA-461A-9945-729FD17EADFE}.Debug|Any CPU.Build.0 = Debug|Any CPU
		{51DFF253-D6EA-461A-9945-729FD17EADFE}.Debug|Mixed Platforms.ActiveCfg = Debug|Any CPU
		{51DFF253-D6EA-461A-9945-729FD17EADFE}.Debug|Mixed Platforms.Build.0 = Debug|Any CPU
		{51DFF253-D6EA-461A-9945-729FD17EADFE}.Debug|Win32.ActiveCfg = Debug|Any CPU
		{51DFF253-D6EA-461A-9945-729FD17EADFE}.Debug|x86.ActiveCfg = Debug|Any CPU
		{51DFF253-D6EA-461A-9945-729FD17EADFE}.Release|Any CPU.ActiveCfg = Release|Any CPU
		{51DFF253-D6EA-461A-9945-729FD17EADFE}.Release|Any CPU.Build.0 = Release|Any CPU
		{51DFF253-D6EA-461A-9945-729FD17EADFE}.Release|Mixed Platforms.ActiveCfg = Release|Any CPU
		{51DFF253-D6EA-461A-9945-729FD17EADFE}.Release|Mixed Platforms.Build.0 = Release|Any CPU
		{51DFF253-D6EA-461A-9945-729FD17EADFE}.Release|Win32.ActiveCfg = Release|Any CPU
		{51DFF253-D6EA-461A-9945-729FD17EADFE}.Release|x86.ActiveCfg = Release|Any CPU
		{B4FFB14F-71C1-4595-9F49-830D7B3C3290}.Debug|Any CPU.ActiveCfg = Debug|Any CPU
		{B4FFB14F-71C1-4595-9F49-830D7B3C3290}.Debug|Any CPU.Build.0 = Debug|Any CPU
		{B4FFB14F-71C1-4595-9F49-830D7B3C3290}.Debug|Mixed Platforms.ActiveCfg = Debug|Any CPU
		{B4FFB14F-71C1-4595-9F49-830D7B3C3290}.Debug|Mixed Platforms.Build.0 = Debug|Any CPU
		{B4FFB14F-71C1-4595-9F49-830D7B3C3290}.Debug|Win32.ActiveCfg = Debug|Any CPU
		{B4FFB14F-71C1-4595-9F49-830D7B3C3290}.Debug|x86.ActiveCfg = Debug|Any CPU
		{B4FFB14F-71C1-4595-9F49-830D7B3C3290}.Release|Any CPU.ActiveCfg = Release|Any CPU
		{B4FFB14F-71C1-4595-9F49-830D7B3C3290}.Release|Any CPU.Build.0 = Release|Any CPU
		{B4FFB14F-71C1-4595-9F49-830D7B3C3290}.Release|Mixed Platforms.ActiveCfg = Release|Any CPU
		{B4FFB14F-71C1-4595-9F49-830D7B3C3290}.Release|Mixed Platforms.Build.0 = Release|Any CPU
		{B4FFB14F-71C1-4595-9F49-830D7B3C3290}.Release|Win32.ActiveCfg = Release|Any CPU
		{B4FFB14F-71C1-4595-9F49-830D7B3C3290}.Release|x86.ActiveCfg = Release|Any CPU
		{70C967C2-C4AE-4ED9-B716-853035865514}.Debug|Any CPU.ActiveCfg = Debug|Any CPU
		{70C967C2-C4AE-4ED9-B716-853035865514}.Debug|Any CPU.Build.0 = Debug|Any CPU
		{70C967C2-C4AE-4ED9-B716-853035865514}.Debug|Mixed Platforms.ActiveCfg = Debug|Any CPU
		{70C967C2-C4AE-4ED9-B716-853035865514}.Debug|Mixed Platforms.Build.0 = Debug|Any CPU
		{70C967C2-C4AE-4ED9-B716-853035865514}.Debug|Win32.ActiveCfg = Debug|Any CPU
		{70C967C2-C4AE-4ED9-B716-853035865514}.Debug|x86.ActiveCfg = Debug|Any CPU
		{70C967C2-C4AE-4ED9-B716-853035865514}.Release|Any CPU.ActiveCfg = Release|Any CPU
		{70C967C2-C4AE-4ED9-B716-853035865514}.Release|Any CPU.Build.0 = Release|Any CPU
		{70C967C2-C4AE-4ED9-B716-853035865514}.Release|Mixed Platforms.ActiveCfg = Release|Any CPU
		{70C967C2-C4AE-4ED9-B716-853035865514}.Release|Mixed Platforms.Build.0 = Release|Any CPU
		{70C967C2-C4AE-4ED9-B716-853035865514}.Release|Win32.ActiveCfg = Release|Any CPU
		{70C967C2-C4AE-4ED9-B716-853035865514}.Release|x86.ActiveCfg = Release|Any CPU
		{DF7D43C5-52D8-4779-9668-83E8E5B89817}.Debug|Any CPU.ActiveCfg = Debug|Any CPU
		{DF7D43C5-52D8-4779-9668-83E8E5B89817}.Debug|Any CPU.Build.0 = Debug|Any CPU
		{DF7D43C5-52D8-4779-9668-83E8E5B89817}.Debug|Mixed Platforms.ActiveCfg = Debug|Any CPU
		{DF7D43C5-52D8-4779-9668-83E8E5B89817}.Debug|Mixed Platforms.Build.0 = Debug|Any CPU
		{DF7D43C5-52D8-4779-9668-83E8E5B89817}.Debug|Win32.ActiveCfg = Debug|Any CPU
		{DF7D43C5-52D8-4779-9668-83E8E5B89817}.Debug|x86.ActiveCfg = Debug|Any CPU
		{DF7D43C5-52D8-4779-9668-83E8E5B89817}.Release|Any CPU.ActiveCfg = Release|Any CPU
		{DF7D43C5-52D8-4779-9668-83E8E5B89817}.Release|Any CPU.Build.0 = Release|Any CPU
		{DF7D43C5-52D8-4779-9668-83E8E5B89817}.Release|Mixed Platforms.ActiveCfg = Release|Any CPU
		{DF7D43C5-52D8-4779-9668-83E8E5B89817}.Release|Mixed Platforms.Build.0 = Release|Any CPU
		{DF7D43C5-52D8-4779-9668-83E8E5B89817}.Release|Win32.ActiveCfg = Release|Any CPU
		{DF7D43C5-52D8-4779-9668-83E8E5B89817}.Release|x86.ActiveCfg = Release|Any CPU
		{3C1813C4-6CDC-4C62-B12B-473C333A961A}.Debug|Any CPU.ActiveCfg = Debug|Any CPU
		{3C1813C4-6CDC-4C62-B12B-473C333A961A}.Debug|Any CPU.Build.0 = Debug|Any CPU
		{3C1813C4-6CDC-4C62-B12B-473C333A961A}.Debug|Mixed Platforms.ActiveCfg = Debug|Any CPU
		{3C1813C4-6CDC-4C62-B12B-473C333A961A}.Debug|Mixed Platforms.Build.0 = Debug|Any CPU
		{3C1813C4-6CDC-4C62-B12B-473C333A961A}.Debug|Win32.ActiveCfg = Debug|Any CPU
		{3C1813C4-6CDC-4C62-B12B-473C333A961A}.Debug|x86.ActiveCfg = Debug|Any CPU
		{3C1813C4-6CDC-4C62-B12B-473C333A961A}.Release|Any CPU.ActiveCfg = Release|Any CPU
		{3C1813C4-6CDC-4C62-B12B-473C333A961A}.Release|Any CPU.Build.0 = Release|Any CPU
		{3C1813C4-6CDC-4C62-B12B-473C333A961A}.Release|Mixed Platforms.ActiveCfg = Release|Any CPU
		{3C1813C4-6CDC-4C62-B12B-473C333A961A}.Release|Mixed Platforms.Build.0 = Release|Any CPU
		{3C1813C4-6CDC-4C62-B12B-473C333A961A}.Release|Win32.ActiveCfg = Release|Any CPU
		{3C1813C4-6CDC-4C62-B12B-473C333A961A}.Release|x86.ActiveCfg = Release|Any CPU
		{66FF11F3-FE94-48C9-A103-6D45D134EE31}.Debug|Any CPU.ActiveCfg = Debug|Any CPU
		{66FF11F3-FE94-48C9-A103-6D45D134EE31}.Debug|Any CPU.Build.0 = Debug|Any CPU
		{66FF11F3-FE94-48C9-A103-6D45D134EE31}.Debug|Mixed Platforms.ActiveCfg = Debug|Any CPU
		{66FF11F3-FE94-48C9-A103-6D45D134EE31}.Debug|Mixed Platforms.Build.0 = Debug|Any CPU
		{66FF11F3-FE94-48C9-A103-6D45D134EE31}.Debug|Win32.ActiveCfg = Debug|Any CPU
		{66FF11F3-FE94-48C9-A103-6D45D134EE31}.Debug|x86.ActiveCfg = Debug|Any CPU
		{66FF11F3-FE94-48C9-A103-6D45D134EE31}.Release|Any CPU.ActiveCfg = Release|Any CPU
		{66FF11F3-FE94-48C9-A103-6D45D134EE31}.Release|Any CPU.Build.0 = Release|Any CPU
		{66FF11F3-FE94-48C9-A103-6D45D134EE31}.Release|Mixed Platforms.ActiveCfg = Release|Any CPU
		{66FF11F3-FE94-48C9-A103-6D45D134EE31}.Release|Mixed Platforms.Build.0 = Release|Any CPU
		{66FF11F3-FE94-48C9-A103-6D45D134EE31}.Release|Win32.ActiveCfg = Release|Any CPU
		{66FF11F3-FE94-48C9-A103-6D45D134EE31}.Release|x86.ActiveCfg = Release|Any CPU
		{3497A390-9825-48A8-80F1-0112F2487319}.Debug|Any CPU.ActiveCfg = Debug|Any CPU
		{3497A390-9825-48A8-80F1-0112F2487319}.Debug|Any CPU.Build.0 = Debug|Any CPU
		{3497A390-9825-48A8-80F1-0112F2487319}.Debug|Mixed Platforms.ActiveCfg = Debug|Any CPU
		{3497A390-9825-48A8-80F1-0112F2487319}.Debug|Mixed Platforms.Build.0 = Debug|Any CPU
		{3497A390-9825-48A8-80F1-0112F2487319}.Debug|Win32.ActiveCfg = Debug|Any CPU
		{3497A390-9825-48A8-80F1-0112F2487319}.Debug|x86.ActiveCfg = Debug|Any CPU
		{3497A390-9825-48A8-80F1-0112F2487319}.Release|Any CPU.ActiveCfg = Release|Any CPU
		{3497A390-9825-48A8-80F1-0112F2487319}.Release|Any CPU.Build.0 = Release|Any CPU
		{3497A390-9825-48A8-80F1-0112F2487319}.Release|Mixed Platforms.ActiveCfg = Release|Any CPU
		{3497A390-9825-48A8-80F1-0112F2487319}.Release|Mixed Platforms.Build.0 = Release|Any CPU
		{3497A390-9825-48A8-80F1-0112F2487319}.Release|Win32.ActiveCfg = Release|Any CPU
		{3497A390-9825-48A8-80F1-0112F2487319}.Release|x86.ActiveCfg = Release|Any CPU
	EndGlobalSection
	GlobalSection(SolutionProperties) = preSolution
		HideSolutionNode = FALSE
	EndGlobalSection
	GlobalSection(NestedProjects) = preSolution
		{D7E5B625-DEFB-4BDA-8A19-DBDD33B5A5EE} = {693C4587-7821-4644-9FA5-B66DE7C7F1E7}
		{8BDC8F54-C531-4879-9981-DCC949F21219} = {693C4587-7821-4644-9FA5-B66DE7C7F1E7}
		{FB34F3BD-25B9-424D-BF04-D52FC02F3679} = {693C4587-7821-4644-9FA5-B66DE7C7F1E7}
		{7471FD22-50BE-4352-922A-4B603C8FFB14} = {693C4587-7821-4644-9FA5-B66DE7C7F1E7}
		{0D08DE0D-B92A-4C5C-BA20-AC2D31C5ACA2} = {693C4587-7821-4644-9FA5-B66DE7C7F1E7}
		{AAA8E078-85D1-4A98-B2F1-160E420B1E39} = {693C4587-7821-4644-9FA5-B66DE7C7F1E7}
		{51DFF253-D6EA-461A-9945-729FD17EADFE} = {693C4587-7821-4644-9FA5-B66DE7C7F1E7}
		{E82EE555-3A0B-4790-89C0-00DBBC6BA394} = {B1B905A7-DF34-40DB-9080-6283A03CC3F8}
		{B4FFB14F-71C1-4595-9F49-830D7B3C3290} = {7253E36E-01CC-4553-B62F-63285411DF17}
		{70C967C2-C4AE-4ED9-B716-853035865514} = {2669E6A4-4350-4630-8EAF-33E6C9C5E912}
		{DF7D43C5-52D8-4779-9668-83E8E5B89817} = {8F85EAFB-DD74-4851-9455-879CBB3F9351}
		{3C1813C4-6CDC-4C62-B12B-473C333A961A} = {8F85EAFB-DD74-4851-9455-879CBB3F9351}
		{66FF11F3-FE94-48C9-A103-6D45D134EE31} = {8F85EAFB-DD74-4851-9455-879CBB3F9351}
		{3497A390-9825-48A8-80F1-0112F2487319} = {8F85EAFB-DD74-4851-9455-879CBB3F9351}
	EndGlobalSection
EndGlobal
