
Microsoft Visual Studio Solution File, Format Version 12.00
# Visual Studio 2013
VisualStudioVersion = 12.0.21005.1
MinimumVisualStudioVersion = 10.0.40219.1
Project("{2150E333-8FDC-42A3-9474-1A3956D46DE8}") = "Simple", "Simple", "{5359AE82-C483-435A-9845-337DA40C9B96}"
EndProject
Project("{2150E333-8FDC-42A3-9474-1A3956D46DE8}") = "WPF的UI基础库", "WPF的UI基础库", "{693C4587-7821-4644-9FA5-B66DE7C7F1E7}"
EndProject
Project("{2150E333-8FDC-42A3-9474-1A3956D46DE8}") = "DB", "DB", "{DDE9F5EB-9842-4CB0-92D5-1DADF5A0A0BF}"
	ProjectSection(SolutionItems) = preProject
		course.xml = course.xml
		student.xml = student.xml
		teacher.xml = teacher.xml
	EndProjectSection
EndProject
Project("{FAE04EC0-301F-11D3-BF4B-00C04F79EFBC}") = "TGP.UI.Core", "WPF基础资源库\TGP.Client.Controls\TGP.UI.Core.csproj", "{D7E5B625-DEFB-4BDA-8A19-DBDD33B5A5EE}"
EndProject
Project("{2150E333-8FDC-42A3-9474-1A3956D46DE8}") = "File", "File", "{0FEDD8FA-5EB4-4FC5-91E9-00B7F01C1D1E}"
	ProjectSection(SolutionItems) = preProject
		Readme.txt = Readme.txt
		网络通信.txt = 网络通信.txt
	EndProjectSection
EndProject
Project("{FAE04EC0-301F-11D3-BF4B-00C04F79EFBC}") = "Service.Interface", "Service.Interface\Service.Interface.csproj", "{A704ECD5-B2E7-428D-A9C6-9B067566C11F}"
EndProject
Project("{FAE04EC0-301F-11D3-BF4B-00C04F79EFBC}") = "Service", "Service\Service.csproj", "{8D71BCD5-5939-4C11-9A8A-E1CF96E47CD9}"
EndProject
Project("{FAE04EC0-301F-11D3-BF4B-00C04F79EFBC}") = "Client", "Client\Client.csproj", "{4A25FACC-5C84-42EF-AF1F-D6E7C6A436DF}"
EndProject
Project("{FAE04EC0-301F-11D3-BF4B-00C04F79EFBC}") = "Hosting", "Hosting\Hosting.csproj", "{F07A79EA-E219-4272-8029-4830F06694B1}"
EndProject
Project("{FAE04EC0-301F-11D3-BF4B-00C04F79EFBC}") = "IISClient", "IISClient\IISClient.csproj", "{9F29110E-5178-4FB6-ABFB-FAD2EAFE70F2}"
EndProject
Project("{2150E333-8FDC-42A3-9474-1A3956D46DE8}") = "Foundation", "Foundation", "{B1B905A7-DF34-40DB-9080-6283A03CC3F8}"
EndProject
Project("{FAE04EC0-301F-11D3-BF4B-00C04F79EFBC}") = "CreateMySqlTimer", "Foundation\CreateMySqlTimer\CreateMySqlTimer.csproj", "{E82EE555-3A0B-4790-89C0-00DBBC6BA394}"
EndProject
Project("{2150E333-8FDC-42A3-9474-1A3956D46DE8}") = "WcfServices", "WcfServices", "{59328F0E-365E-48B2-9983-DD99C383FFD3}"
EndProject
Project("{FAE04EC0-301F-11D3-BF4B-00C04F79EFBC}") = "Client", "Simple\S201\WcfServices\Client\Client.csproj", "{1A8A7E64-7D11-40E5-99E3-BE92C3EEB6C2}"
EndProject
Project("{FAE04EC0-301F-11D3-BF4B-00C04F79EFBC}") = "Service", "Simple\S201\WcfServices\Service\Service.csproj", "{EF096A04-6C29-46D9-A4CC-8C247A91321F}"
EndProject
Project("{FAE04EC0-301F-11D3-BF4B-00C04F79EFBC}") = "Service.Interface", "Simple\S201\WcfServices\Service.Interface\Service.Interface.csproj", "{3D9D9D64-EACF-42FE-A05A-37F69DA34E90}"
EndProject
Project("{FAE04EC0-301F-11D3-BF4B-00C04F79EFBC}") = "TGP.Stack", "Foundation\TGP.Stack\TGP.Stack.csproj", "{8BDC8F54-C531-4879-9981-DCC949F21219}"
EndProject
Project("{FAE04EC0-301F-11D3-BF4B-00C04F79EFBC}") = "Config", "Config\Config.csproj", "{C6E1F17A-9A18-4C3F-B2FC-A24BFE68482F}"
EndProject
Global
	GlobalSection(SolutionConfigurationPlatforms) = preSolution
		Debug|Any CPU = Debug|Any CPU
		Debug|Mixed Platforms = Debug|Mixed Platforms
		Debug|Win32 = Debug|Win32
		Debug|x86 = Debug|x86
		Release|Any CPU = Release|Any CPU
		Release|Mixed Platforms = Release|Mixed Platforms
		Release|Win32 = Release|Win32
		Release|x86 = Release|x86
	EndGlobalSection
	GlobalSection(ProjectConfigurationPlatforms) = postSolution
		{D7E5B625-DEFB-4BDA-8A19-DBDD33B5A5EE}.Debug|Any CPU.ActiveCfg = Debug|Any CPU
		{D7E5B625-DEFB-4BDA-8A19-DBDD33B5A5EE}.Debug|Any CPU.Build.0 = Debug|Any CPU
		{D7E5B625-DEFB-4BDA-8A19-DBDD33B5A5EE}.Debug|Mixed Platforms.ActiveCfg = Debug|Any CPU
		{D7E5B625-DEFB-4BDA-8A19-DBDD33B5A5EE}.Debug|Mixed Platforms.Build.0 = Debug|Any CPU
		{D7E5B625-DEFB-4BDA-8A19-DBDD33B5A5EE}.Debug|Win32.ActiveCfg = Debug|Any CPU
		{D7E5B625-DEFB-4BDA-8A19-DBDD33B5A5EE}.Debug|x86.ActiveCfg = Debug|Any CPU
		{D7E5B625-DEFB-4BDA-8A19-DBDD33B5A5EE}.Release|Any CPU.ActiveCfg = Release|Any CPU
		{D7E5B625-DEFB-4BDA-8A19-DBDD33B5A5EE}.Release|Any CPU.Build.0 = Release|Any CPU
		{D7E5B625-DEFB-4BDA-8A19-DBDD33B5A5EE}.Release|Mixed Platforms.ActiveCfg = Release|Any CPU
		{D7E5B625-DEFB-4BDA-8A19-DBDD33B5A5EE}.Release|Mixed Platforms.Build.0 = Release|Any CPU
		{D7E5B625-DEFB-4BDA-8A19-DBDD33B5A5EE}.Release|Win32.ActiveCfg = Release|Any CPU
		{D7E5B625-DEFB-4BDA-8A19-DBDD33B5A5EE}.Release|x86.ActiveCfg = Release|Any CPU
		{A704ECD5-B2E7-428D-A9C6-9B067566C11F}.Debug|Any CPU.ActiveCfg = Debug|Any CPU
		{A704ECD5-B2E7-428D-A9C6-9B067566C11F}.Debug|Any CPU.Build.0 = Debug|Any CPU
		{A704ECD5-B2E7-428D-A9C6-9B067566C11F}.Debug|Mixed Platforms.ActiveCfg = Debug|Any CPU
		{A704ECD5-B2E7-428D-A9C6-9B067566C11F}.Debug|Mixed Platforms.Build.0 = Debug|Any CPU
		{A704ECD5-B2E7-428D-A9C6-9B067566C11F}.Debug|Win32.ActiveCfg = Debug|Any CPU
		{A704ECD5-B2E7-428D-A9C6-9B067566C11F}.Debug|x86.ActiveCfg = Debug|Any CPU
		{A704ECD5-B2E7-428D-A9C6-9B067566C11F}.Release|Any CPU.ActiveCfg = Release|Any CPU
		{A704ECD5-B2E7-428D-A9C6-9B067566C11F}.Release|Any CPU.Build.0 = Release|Any CPU
		{A704ECD5-B2E7-428D-A9C6-9B067566C11F}.Release|Mixed Platforms.ActiveCfg = Release|Any CPU
		{A704ECD5-B2E7-428D-A9C6-9B067566C11F}.Release|Mixed Platforms.Build.0 = Release|Any CPU
		{A704ECD5-B2E7-428D-A9C6-9B067566C11F}.Release|Win32.ActiveCfg = Release|Any CPU
		{A704ECD5-B2E7-428D-A9C6-9B067566C11F}.Release|x86.ActiveCfg = Release|Any CPU
		{8D71BCD5-5939-4C11-9A8A-E1CF96E47CD9}.Debug|Any CPU.ActiveCfg = Debug|Any CPU
		{8D71BCD5-5939-4C11-9A8A-E1CF96E47CD9}.Debug|Any CPU.Build.0 = Debug|Any CPU
		{8D71BCD5-5939-4C11-9A8A-E1CF96E47CD9}.Debug|Mixed Platforms.ActiveCfg = Debug|Any CPU
		{8D71BCD5-5939-4C11-9A8A-E1CF96E47CD9}.Debug|Mixed Platforms.Build.0 = Debug|Any CPU
		{8D71BCD5-5939-4C11-9A8A-E1CF96E47CD9}.Debug|Win32.ActiveCfg = Debug|Any CPU
		{8D71BCD5-5939-4C11-9A8A-E1CF96E47CD9}.Debug|x86.ActiveCfg = Debug|Any CPU
		{8D71BCD5-5939-4C11-9A8A-E1CF96E47CD9}.Release|Any CPU.ActiveCfg = Release|Any CPU
		{8D71BCD5-5939-4C11-9A8A-E1CF96E47CD9}.Release|Any CPU.Build.0 = Release|Any CPU
		{8D71BCD5-5939-4C11-9A8A-E1CF96E47CD9}.Release|Mixed Platforms.ActiveCfg = Release|Any CPU
		{8D71BCD5-5939-4C11-9A8A-E1CF96E47CD9}.Release|Mixed Platforms.Build.0 = Release|Any CPU
		{8D71BCD5-5939-4C11-9A8A-E1CF96E47CD9}.Release|Win32.ActiveCfg = Release|Any CPU
		{8D71BCD5-5939-4C11-9A8A-E1CF96E47CD9}.Release|x86.ActiveCfg = Release|Any CPU
		{4A25FACC-5C84-42EF-AF1F-D6E7C6A436DF}.Debug|Any CPU.ActiveCfg = Debug|Any CPU
		{4A25FACC-5C84-42EF-AF1F-D6E7C6A436DF}.Debug|Any CPU.Build.0 = Debug|Any CPU
		{4A25FACC-5C84-42EF-AF1F-D6E7C6A436DF}.Debug|Mixed Platforms.ActiveCfg = Debug|Any CPU
		{4A25FACC-5C84-42EF-AF1F-D6E7C6A436DF}.Debug|Mixed Platforms.Build.0 = Debug|Any CPU
		{4A25FACC-5C84-42EF-AF1F-D6E7C6A436DF}.Debug|Win32.ActiveCfg = Debug|Any CPU
		{4A25FACC-5C84-42EF-AF1F-D6E7C6A436DF}.Debug|x86.ActiveCfg = Debug|Any CPU
		{4A25FACC-5C84-42EF-AF1F-D6E7C6A436DF}.Release|Any CPU.ActiveCfg = Release|Any CPU
		{4A25FACC-5C84-42EF-AF1F-D6E7C6A436DF}.Release|Any CPU.Build.0 = Release|Any CPU
		{4A25FACC-5C84-42EF-AF1F-D6E7C6A436DF}.Release|Mixed Platforms.ActiveCfg = Release|Any CPU
		{4A25FACC-5C84-42EF-AF1F-D6E7C6A436DF}.Release|Mixed Platforms.Build.0 = Release|Any CPU
		{4A25FACC-5C84-42EF-AF1F-D6E7C6A436DF}.Release|Win32.ActiveCfg = Release|Any CPU
		{4A25FACC-5C84-42EF-AF1F-D6E7C6A436DF}.Release|x86.ActiveCfg = Release|Any CPU
		{F07A79EA-E219-4272-8029-4830F06694B1}.Debug|Any CPU.ActiveCfg = Debug|Any CPU
		{F07A79EA-E219-4272-8029-4830F06694B1}.Debug|Any CPU.Build.0 = Debug|Any CPU
		{F07A79EA-E219-4272-8029-4830F06694B1}.Debug|Mixed Platforms.ActiveCfg = Debug|Any CPU
		{F07A79EA-E219-4272-8029-4830F06694B1}.Debug|Mixed Platforms.Build.0 = Debug|Any CPU
		{F07A79EA-E219-4272-8029-4830F06694B1}.Debug|Win32.ActiveCfg = Debug|Any CPU
		{F07A79EA-E219-4272-8029-4830F06694B1}.Debug|x86.ActiveCfg = Debug|Any CPU
		{F07A79EA-E219-4272-8029-4830F06694B1}.Release|Any CPU.ActiveCfg = Release|Any CPU
		{F07A79EA-E219-4272-8029-4830F06694B1}.Release|Any CPU.Build.0 = Release|Any CPU
		{F07A79EA-E219-4272-8029-4830F06694B1}.Release|Mixed Platforms.ActiveCfg = Release|Any CPU
		{F07A79EA-E219-4272-8029-4830F06694B1}.Release|Mixed Platforms.Build.0 = Release|Any CPU
		{F07A79EA-E219-4272-8029-4830F06694B1}.Release|Win32.ActiveCfg = Release|Any CPU
		{F07A79EA-E219-4272-8029-4830F06694B1}.Release|x86.ActiveCfg = Release|Any CPU
		{9F29110E-5178-4FB6-ABFB-FAD2EAFE70F2}.Debug|Any CPU.ActiveCfg = Debug|Any CPU
		{9F29110E-5178-4FB6-ABFB-FAD2EAFE70F2}.Debug|Any CPU.Build.0 = Debug|Any CPU
		{9F29110E-5178-4FB6-ABFB-FAD2EAFE70F2}.Debug|Mixed Platforms.ActiveCfg = Debug|Any CPU
		{9F29110E-5178-4FB6-ABFB-FAD2EAFE70F2}.Debug|Mixed Platforms.Build.0 = Debug|Any CPU
		{9F29110E-5178-4FB6-ABFB-FAD2EAFE70F2}.Debug|Win32.ActiveCfg = Debug|Any CPU
		{9F29110E-5178-4FB6-ABFB-FAD2EAFE70F2}.Debug|x86.ActiveCfg = Debug|Any CPU
		{9F29110E-5178-4FB6-ABFB-FAD2EAFE70F2}.Release|Any CPU.ActiveCfg = Release|Any CPU
		{9F29110E-5178-4FB6-ABFB-FAD2EAFE70F2}.Release|Any CPU.Build.0 = Release|Any CPU
		{9F29110E-5178-4FB6-ABFB-FAD2EAFE70F2}.Release|Mixed Platforms.ActiveCfg = Release|Any CPU
		{9F29110E-5178-4FB6-ABFB-FAD2EAFE70F2}.Release|Mixed Platforms.Build.0 = Release|Any CPU
		{9F29110E-5178-4FB6-ABFB-FAD2EAFE70F2}.Release|Win32.ActiveCfg = Release|Any CPU
		{9F29110E-5178-4FB6-ABFB-FAD2EAFE70F2}.Release|x86.ActiveCfg = Release|Any CPU
		{E82EE555-3A0B-4790-89C0-00DBBC6BA394}.Debug|Any CPU.ActiveCfg = Debug|Any CPU
		{E82EE555-3A0B-4790-89C0-00DBBC6BA394}.Debug|Any CPU.Build.0 = Debug|Any CPU
		{E82EE555-3A0B-4790-89C0-00DBBC6BA394}.Debug|Mixed Platforms.ActiveCfg = Debug|Any CPU
		{E82EE555-3A0B-4790-89C0-00DBBC6BA394}.Debug|Mixed Platforms.Build.0 = Debug|Any CPU
		{E82EE555-3A0B-4790-89C0-00DBBC6BA394}.Debug|Win32.ActiveCfg = Debug|Any CPU
		{E82EE555-3A0B-4790-89C0-00DBBC6BA394}.Debug|x86.ActiveCfg = Debug|Any CPU
		{E82EE555-3A0B-4790-89C0-00DBBC6BA394}.Release|Any CPU.ActiveCfg = Release|Any CPU
		{E82EE555-3A0B-4790-89C0-00DBBC6BA394}.Release|Any CPU.Build.0 = Release|Any CPU
		{E82EE555-3A0B-4790-89C0-00DBBC6BA394}.Release|Mixed Platforms.ActiveCfg = Release|Any CPU
		{E82EE555-3A0B-4790-89C0-00DBBC6BA394}.Release|Mixed Platforms.Build.0 = Release|Any CPU
		{E82EE555-3A0B-4790-89C0-00DBBC6BA394}.Release|Win32.ActiveCfg = Release|Any CPU
		{E82EE555-3A0B-4790-89C0-00DBBC6BA394}.Release|x86.ActiveCfg = Release|Any CPU
		{1A8A7E64-7D11-40E5-99E3-BE92C3EEB6C2}.Debug|Any CPU.ActiveCfg = Debug|x86
		{1A8A7E64-7D11-40E5-99E3-BE92C3EEB6C2}.Debug|Mixed Platforms.ActiveCfg = Debug|x86
		{1A8A7E64-7D11-40E5-99E3-BE92C3EEB6C2}.Debug|Mixed Platforms.Build.0 = Debug|x86
		{1A8A7E64-7D11-40E5-99E3-BE92C3EEB6C2}.Debug|Win32.ActiveCfg = Debug|x86
		{1A8A7E64-7D11-40E5-99E3-BE92C3EEB6C2}.Debug|Win32.Build.0 = Debug|x86
		{1A8A7E64-7D11-40E5-99E3-BE92C3EEB6C2}.Debug|x86.ActiveCfg = Debug|x86
		{1A8A7E64-7D11-40E5-99E3-BE92C3EEB6C2}.Debug|x86.Build.0 = Debug|x86
		{1A8A7E64-7D11-40E5-99E3-BE92C3EEB6C2}.Release|Any CPU.ActiveCfg = Release|x86
		{1A8A7E64-7D11-40E5-99E3-BE92C3EEB6C2}.Release|Mixed Platforms.ActiveCfg = Release|x86
		{1A8A7E64-7D11-40E5-99E3-BE92C3EEB6C2}.Release|Mixed Platforms.Build.0 = Release|x86
		{1A8A7E64-7D11-40E5-99E3-BE92C3EEB6C2}.Release|Win32.ActiveCfg = Release|x86
		{1A8A7E64-7D11-40E5-99E3-BE92C3EEB6C2}.Release|Win32.Build.0 = Release|x86
		{1A8A7E64-7D11-40E5-99E3-BE92C3EEB6C2}.Release|x86.ActiveCfg = Release|x86
		{1A8A7E64-7D11-40E5-99E3-BE92C3EEB6C2}.Release|x86.Build.0 = Release|x86
		{EF096A04-6C29-46D9-A4CC-8C247A91321F}.Debug|Any CPU.ActiveCfg = Debug|Any CPU
		{EF096A04-6C29-46D9-A4CC-8C247A91321F}.Debug|Any CPU.Build.0 = Debug|Any CPU
		{EF096A04-6C29-46D9-A4CC-8C247A91321F}.Debug|Mixed Platforms.ActiveCfg = Debug|Any CPU
		{EF096A04-6C29-46D9-A4CC-8C247A91321F}.Debug|Mixed Platforms.Build.0 = Debug|Any CPU
		{EF096A04-6C29-46D9-A4CC-8C247A91321F}.Debug|Win32.ActiveCfg = Debug|Any CPU
		{EF096A04-6C29-46D9-A4CC-8C247A91321F}.Debug|x86.ActiveCfg = Debug|Any CPU
		{EF096A04-6C29-46D9-A4CC-8C247A91321F}.Release|Any CPU.ActiveCfg = Release|Any CPU
		{EF096A04-6C29-46D9-A4CC-8C247A91321F}.Release|Any CPU.Build.0 = Release|Any CPU
		{EF096A04-6C29-46D9-A4CC-8C247A91321F}.Release|Mixed Platforms.ActiveCfg = Release|Any CPU
		{EF096A04-6C29-46D9-A4CC-8C247A91321F}.Release|Mixed Platforms.Build.0 = Release|Any CPU
		{EF096A04-6C29-46D9-A4CC-8C247A91321F}.Release|Win32.ActiveCfg = Release|Any CPU
		{EF096A04-6C29-46D9-A4CC-8C247A91321F}.Release|x86.ActiveCfg = Release|Any CPU
		{3D9D9D64-EACF-42FE-A05A-37F69DA34E90}.Debug|Any CPU.ActiveCfg = Debug|Any CPU
		{3D9D9D64-EACF-42FE-A05A-37F69DA34E90}.Debug|Any CPU.Build.0 = Debug|Any CPU
		{3D9D9D64-EACF-42FE-A05A-37F69DA34E90}.Debug|Mixed Platforms.ActiveCfg = Debug|Any CPU
		{3D9D9D64-EACF-42FE-A05A-37F69DA34E90}.Debug|Mixed Platforms.Build.0 = Debug|Any CPU
		{3D9D9D64-EACF-42FE-A05A-37F69DA34E90}.Debug|Win32.ActiveCfg = Debug|Any CPU
		{3D9D9D64-EACF-42FE-A05A-37F69DA34E90}.Debug|x86.ActiveCfg = Debug|Any CPU
		{3D9D9D64-EACF-42FE-A05A-37F69DA34E90}.Release|Any CPU.ActiveCfg = Release|Any CPU
		{3D9D9D64-EACF-42FE-A05A-37F69DA34E90}.Release|Any CPU.Build.0 = Release|Any CPU
		{3D9D9D64-EACF-42FE-A05A-37F69DA34E90}.Release|Mixed Platforms.ActiveCfg = Release|Any CPU
		{3D9D9D64-EACF-42FE-A05A-37F69DA34E90}.Release|Mixed Platforms.Build.0 = Release|Any CPU
		{3D9D9D64-EACF-42FE-A05A-37F69DA34E90}.Release|Win32.ActiveCfg = Release|Any CPU
		{3D9D9D64-EACF-42FE-A05A-37F69DA34E90}.Release|x86.ActiveCfg = Release|Any CPU
		{8BDC8F54-C531-4879-9981-DCC949F21219}.Debug|Any CPU.ActiveCfg = Debug|Any CPU
		{8BDC8F54-C531-4879-9981-DCC949F21219}.Debug|Any CPU.Build.0 = Debug|Any CPU
		{8BDC8F54-C531-4879-9981-DCC949F21219}.Debug|Mixed Platforms.ActiveCfg = Debug|Any CPU
		{8BDC8F54-C531-4879-9981-DCC949F21219}.Debug|Mixed Platforms.Build.0 = Debug|Any CPU
		{8BDC8F54-C531-4879-9981-DCC949F21219}.Debug|Win32.ActiveCfg = Debug|Any CPU
		{8BDC8F54-C531-4879-9981-DCC949F21219}.Debug|x86.ActiveCfg = Debug|Any CPU
		{8BDC8F54-C531-4879-9981-DCC949F21219}.Release|Any CPU.ActiveCfg = Release|Any CPU
		{8BDC8F54-C531-4879-9981-DCC949F21219}.Release|Any CPU.Build.0 = Release|Any CPU
		{8BDC8F54-C531-4879-9981-DCC949F21219}.Release|Mixed Platforms.ActiveCfg = Release|Any CPU
		{8BDC8F54-C531-4879-9981-DCC949F21219}.Release|Mixed Platforms.Build.0 = Release|Any CPU
		{8BDC8F54-C531-4879-9981-DCC949F21219}.Release|Win32.ActiveCfg = Release|Any CPU
		{8BDC8F54-C531-4879-9981-DCC949F21219}.Release|x86.ActiveCfg = Release|Any CPU
		{C6E1F17A-9A18-4C3F-B2FC-A24BFE68482F}.Debug|Any CPU.ActiveCfg = Debug|Any CPU
		{C6E1F17A-9A18-4C3F-B2FC-A24BFE68482F}.Debug|Any CPU.Build.0 = Debug|Any CPU
		{C6E1F17A-9A18-4C3F-B2FC-A24BFE68482F}.Debug|Mixed Platforms.ActiveCfg = Debug|Any CPU
		{C6E1F17A-9A18-4C3F-B2FC-A24BFE68482F}.Debug|Mixed Platforms.Build.0 = Debug|Any CPU
		{C6E1F17A-9A18-4C3F-B2FC-A24BFE68482F}.Debug|Win32.ActiveCfg = Debug|Any CPU
		{C6E1F17A-9A18-4C3F-B2FC-A24BFE68482F}.Debug|x86.ActiveCfg = Debug|Any CPU
		{C6E1F17A-9A18-4C3F-B2FC-A24BFE68482F}.Release|Any CPU.ActiveCfg = Release|Any CPU
		{C6E1F17A-9A18-4C3F-B2FC-A24BFE68482F}.Release|Any CPU.Build.0 = Release|Any CPU
		{C6E1F17A-9A18-4C3F-B2FC-A24BFE68482F}.Release|Mixed Platforms.ActiveCfg = Release|Any CPU
		{C6E1F17A-9A18-4C3F-B2FC-A24BFE68482F}.Release|Mixed Platforms.Build.0 = Release|Any CPU
		{C6E1F17A-9A18-4C3F-B2FC-A24BFE68482F}.Release|Win32.ActiveCfg = Release|Any CPU
		{C6E1F17A-9A18-4C3F-B2FC-A24BFE68482F}.Release|x86.ActiveCfg = Release|Any CPU
	EndGlobalSection
	GlobalSection(SolutionProperties) = preSolution
		HideSolutionNode = FALSE
	EndGlobalSection
	GlobalSection(NestedProjects) = preSolution
		{A704ECD5-B2E7-428D-A9C6-9B067566C11F} = {5359AE82-C483-435A-9845-337DA40C9B96}
		{8D71BCD5-5939-4C11-9A8A-E1CF96E47CD9} = {5359AE82-C483-435A-9845-337DA40C9B96}
		{4A25FACC-5C84-42EF-AF1F-D6E7C6A436DF} = {5359AE82-C483-435A-9845-337DA40C9B96}
		{F07A79EA-E219-4272-8029-4830F06694B1} = {5359AE82-C483-435A-9845-337DA40C9B96}
		{9F29110E-5178-4FB6-ABFB-FAD2EAFE70F2} = {5359AE82-C483-435A-9845-337DA40C9B96}
		{59328F0E-365E-48B2-9983-DD99C383FFD3} = {5359AE82-C483-435A-9845-337DA40C9B96}
		{C6E1F17A-9A18-4C3F-B2FC-A24BFE68482F} = {5359AE82-C483-435A-9845-337DA40C9B96}
		{D7E5B625-DEFB-4BDA-8A19-DBDD33B5A5EE} = {693C4587-7821-4644-9FA5-B66DE7C7F1E7}
		{E82EE555-3A0B-4790-89C0-00DBBC6BA394} = {B1B905A7-DF34-40DB-9080-6283A03CC3F8}
		{8BDC8F54-C531-4879-9981-DCC949F21219} = {B1B905A7-DF34-40DB-9080-6283A03CC3F8}
		{1A8A7E64-7D11-40E5-99E3-BE92C3EEB6C2} = {59328F0E-365E-48B2-9983-DD99C383FFD3}
		{EF096A04-6C29-46D9-A4CC-8C247A91321F} = {59328F0E-365E-48B2-9983-DD99C383FFD3}
		{3D9D9D64-EACF-42FE-A05A-37F69DA34E90} = {59328F0E-365E-48B2-9983-DD99C383FFD3}
	EndGlobalSection
EndGlobal
